Microsoft Visual Studio Solution File, Format Version 12.00
# Visual Studio Version 17
VisualStudioVersion = 17.5.2.0
MinimumVisualStudioVersion = 10.0.40219.1
Project("{FAE04EC0-301F-11D3-BF4B-00C04F79EFBC}") = "HeroesApi", "HeroesApi\HeroesApi.csproj", "{D53D4B72-C6AA-8600-1EB2-895C8B2B0919}"
EndProject
Global
	GlobalSection(SolutionConfigurationPlatforms) = preSolution
		Debug|Any CPU = Debug|Any CPU
		Release|Any CPU = Release|Any CPU
	EndGlobalSection
	GlobalSection(ProjectConfigurationPlatforms) = postSolution
		{D53D4B72-C6AA-8600-1EB2-895C8B2B0919}.Debug|Any CPU.ActiveCfg = Debug|Any CPU
		{D53D4B72-C6AA-8600-1EB2-895C8B2B0919}.Debug|Any CPU.Build.0 = Debug|Any CPU
		{D53D4B72-C6AA-8600-1EB2-895C8B2B0919}.Release|Any CPU.ActiveCfg = Release|Any CPU
		{D53D4B72-C6AA-8600-1EB2-895C8B2B0919}.Release|Any CPU.Build.0 = Release|Any CPU
	EndGlobalSection
	GlobalSection(SolutionProperties) = preSolution
		HideSolutionNode = FALSE
	EndGlobalSection
	GlobalSection(ExtensibilityGlobals) = postSolution
		SolutionGuid = {2209E06F-3CB0-4349-92D7-D1A21A7327E1}
	EndGlobalSection
EndGlobal
